PODS:
  - Flutter (1.0.0)
  - wifi_plugin (0.0.1):
    - Flutter

DEPENDENCIES:
  - Flutter (from `Flutter`)
  - wifi_plugin (from `.symlinks/plugins/wifi_plugin/ios`)

EXTERNAL SOURCES:
  Flutter:
    :path: Flutter
  wifi_plugin:
    :path: ".symlinks/plugins/wifi_plugin/ios"

SPEC CHECKSUMS:
  Flutter: 0e3d915762c693b495b44d77113d4970485de6ec
  wifi_plugin: ac56b4ac07409bcaf9ee355dd084ce7deed1521c

PODFILE CHECKSUM: aafe91acc616949ddb318b77800a7f51bffa2a4c

COCOAPODS: 1.11.3
